<?xml version="1.0" encoding="utf-8"?>
<Project ToolsVersion="4.0" xmlns="http://schemas.microsoft.com/developer/msbuild/2003">
  <ItemGroup>
    <Filter Include="Source files">
      <UniqueIdentifier>{3ead9aef-623d-46c9-a025-cd26ce201667}</UniqueIdentifier>
      <Extensions>cpp;c;cc;cxx;def;odl;idl;hpj;bat;asm;asmx</Extensions>
    </Filter>
    <Filter Include="Header files">
      <UniqueIdentifier>{c53dca70-83ab-4ca6-a2c6-1ac6212e2b01}</UniqueIdentifier>
      <Extensions>h;hpp;hxx;hm;inl;inc;xsd</Extensions>
    </Filter>
    <Filter Include="Resource files">
      <UniqueIdentifier>{3de4a942-3176-4a29-b6f8-5d4b8ca51bcb}</UniqueIdentifier>
      <Extensions>rc;ico;cur;bmp;dlg;rc2;rct;bin;rgs;gif;jpg;jpeg;jpe;resx;tiff;tif;png;wav</Extensions>
    </Filter>
    <Filter Include="Make files">
      <UniqueIdentifier>{fe30d9b5-6502-480b-9974-15226c1b3ddb}</UniqueIdentifier>
      <Extensions>*.mak</Extensions>
    </Filter>
    <Filter Include="Source files\Device-specific files">
      <UniqueIdentifier>{7fbfc909-efb6-45cd-8597-747ed33e4223}</UniqueIdentifier>
    </Filter>
    <Filter Include="Header files\Device-specific files">
      <UniqueIdentifier>{6d5458b8-421b-4db9-b42b-2c93d5f294e9}</UniqueIdentifier>
    </Filter>
    <Filter Include="Header files\drivers">
      <UniqueIdentifier>{45cbf635-b641-4ee6-8450-1cee314be889}</UniqueIdentifier>
    </Filter>
    <Filter Include="Header files\usb_lib">
      <UniqueIdentifier>{f46fcb41-5297-4b65-acaf-0788cc36bf6a}</UniqueIdentifier>
    </Filter>
    <Filter Include="Header files\mass_storage">
      <UniqueIdentifier>{af814412-7cd1-4986-b096-a6be8a7a2d09}</UniqueIdentifier>
    </Filter>
    <Filter Include="Source files\drivers">
      <UniqueIdentifier>{e2a62552-7ed3-4b5b-95a9-34fbd17d1bb6}</UniqueIdentifier>
    </Filter>
    <Filter Include="Source files\usb_lib">
      <UniqueIdentifier>{46c6cc88-6b7a-44db-a704-b13cf262ac10}</UniqueIdentifier>
    </Filter>
    <Filter Include="Source files\mass_storage">
      <UniqueIdentifier>{efd7b116-619c-4931-8111-109453a7906c}</UniqueIdentifier>
    </Filter>
    <Filter Include="Header files\fatfs">
      <UniqueIdentifier>{f8ba3788-4d95-476a-b959-868323a9fbae}</UniqueIdentifier>
    </Filter>
    <Filter Include="Source files\fatfs">
      <UniqueIdentifier>{e6da6d5c-e9f6-43e5-904b-95834edef665}</UniqueIdentifier>
    </Filter>
    <Filter Include="Header files\freertos">
      <UniqueIdentifier>{ba7c9455-abfb-4d04-be66-79585027c289}</UniqueIdentifier>
    </Filter>
    <Filter Include="Source files\freertos">
      <UniqueIdentifier>{acbd1d8b-7a32-4d7e-8702-05c7171a95f5}</UniqueIdentifier>
    </Filter>
  </ItemGroup>
  <ItemGroup>
    <ClCompile Include="C:\Users\Seth\AppData\Local\VisualGDB\EmbeddedBSPs\arm-eabi\com.sysprogs.arm.stm32\STM32F1xxxx\CMSIS\CM3\CoreSupport\core_cm3.c">
      <Filter>Source files\Device-specific files</Filter>
    </ClCompile>
    <ClCompile Include="C:\Users\Seth\AppData\Local\VisualGDB\EmbeddedBSPs\arm-eabi\com.sysprogs.arm.stm32\STM32F1xxxx\CMSIS\CM3\DeviceSupport\ST\STM32F10x\system_stm32f10x.c">
      <Filter>Source files\Device-specific files</Filter>
    </ClCompile>
    <ClCompile Include="C:\Users\Seth\AppData\Local\VisualGDB\EmbeddedBSPs\arm-eabi\com.sysprogs.arm.stm32\STM32F1xxxx\STM32F10x_StdPeriph_Driver\src\misc.c">
      <Filter>Source files\Device-specific files</Filter>
    </ClCompile>
    <ClCompile Include="C:\Users\Seth\AppData\Local\VisualGDB\EmbeddedBSPs\arm-eabi\com.sysprogs.arm.stm32\STM32F1xxxx\STM32F10x_StdPeriph_Driver\src\stm32f10x_adc.c">
      <Filter>Source files\Device-specific files</Filter>
    </ClCompile>
    <ClCompile Include="C:\Users\Seth\AppData\Local\VisualGDB\EmbeddedBSPs\arm-eabi\com.sysprogs.arm.stm32\STM32F1xxxx\STM32F10x_StdPeriph_Driver\src\stm32f10x_bkp.c">
      <Filter>Source files\Device-specific files</Filter>
    </ClCompile>
    <ClCompile Include="C:\Users\Seth\AppData\Local\VisualGDB\EmbeddedBSPs\arm-eabi\com.sysprogs.arm.stm32\STM32F1xxxx\STM32F10x_StdPeriph_Driver\src\stm32f10x_can.c">
      <Filter>Source files\Device-specific files</Filter>
    </ClCompile>
    <ClCompile Include="C:\Users\Seth\AppData\Local\VisualGDB\EmbeddedBSPs\arm-eabi\com.sysprogs.arm.stm32\STM32F1xxxx\STM32F10x_StdPeriph_Driver\src\stm32f10x_cec.c">
      <Filter>Source files\Device-specific files</Filter>
    </ClCompile>
    <ClCompile Include="C:\Users\Seth\AppData\Local\VisualGDB\EmbeddedBSPs\arm-eabi\com.sysprogs.arm.stm32\STM32F1xxxx\STM32F10x_StdPeriph_Driver\src\stm32f10x_crc.c">
      <Filter>Source files\Device-specific files</Filter>
    </ClCompile>
    <ClCompile Include="C:\Users\Seth\AppData\Local\VisualGDB\EmbeddedBSPs\arm-eabi\com.sysprogs.arm.stm32\STM32F1xxxx\STM32F10x_StdPeriph_Driver\src\stm32f10x_dac.c">
      <Filter>Source files\Device-specific files</Filter>
    </ClCompile>
    <ClCompile Include="C:\Users\Seth\AppData\Local\VisualGDB\EmbeddedBSPs\arm-eabi\com.sysprogs.arm.stm32\STM32F1xxxx\STM32F10x_StdPeriph_Driver\src\stm32f10x_dbgmcu.c">
      <Filter>Source files\Device-specific files</Filter>
    </ClCompile>
    <ClCompile Include="C:\Users\Seth\AppData\Local\VisualGDB\EmbeddedBSPs\arm-eabi\com.sysprogs.arm.stm32\STM32F1xxxx\STM32F10x_StdPeriph_Driver\src\stm32f10x_dma.c">
      <Filter>Source files\Device-specific files</Filter>
    </ClCompile>
    <ClCompile Include="C:\Users\Seth\AppData\Local\VisualGDB\EmbeddedBSPs\arm-eabi\com.sysprogs.arm.stm32\STM32F1xxxx\STM32F10x_StdPeriph_Driver\src\stm32f10x_exti.c">
      <Filter>Source files\Device-specific files</Filter>
    </ClCompile>
    <ClCompile Include="C:\Users\Seth\AppData\Local\VisualGDB\EmbeddedBSPs\arm-eabi\com.sysprogs.arm.stm32\STM32F1xxxx\STM32F10x_StdPeriph_Driver\src\stm32f10x_flash.c">
      <Filter>Source files\Device-specific files</Filter>
    </ClCompile>
    <ClCompile Include="C:\Users\Seth\AppData\Local\VisualGDB\EmbeddedBSPs\arm-eabi\com.sysprogs.arm.stm32\STM32F1xxxx\STM32F10x_StdPeriph_Driver\src\stm32f10x_fsmc.c">
      <Filter>Source files\Device-specific files</Filter>
    </ClCompile>
    <ClCompile Include="C:\Users\Seth\AppData\Local\VisualGDB\EmbeddedBSPs\arm-eabi\com.sysprogs.arm.stm32\STM32F1xxxx\STM32F10x_StdPeriph_Driver\src\stm32f10x_gpio.c">
      <Filter>Source files\Device-specific files</Filter>
    </ClCompile>
    <ClCompile Include="C:\Users\Seth\AppData\Local\VisualGDB\EmbeddedBSPs\arm-eabi\com.sysprogs.arm.stm32\STM32F1xxxx\STM32F10x_StdPeriph_Driver\src\stm32f10x_i2c.c">
      <Filter>Source files\Device-specific files</Filter>
    </ClCompile>
    <ClCompile Include="C:\Users\Seth\AppData\Local\VisualGDB\EmbeddedBSPs\arm-eabi\com.sysprogs.arm.stm32\STM32F1xxxx\STM32F10x_StdPeriph_Driver\src\stm32f10x_iwdg.c">
      <Filter>Source files\Device-specific files</Filter>
    </ClCompile>
    <ClCompile Include="C:\Users\Seth\AppData\Local\VisualGDB\EmbeddedBSPs\arm-eabi\com.sysprogs.arm.stm32\STM32F1xxxx\STM32F10x_StdPeriph_Driver\src\stm32f10x_pwr.c">
      <Filter>Source files\Device-specific files</Filter>
    </ClCompile>
    <ClCompile Include="C:\Users\Seth\AppData\Local\VisualGDB\EmbeddedBSPs\arm-eabi\com.sysprogs.arm.stm32\STM32F1xxxx\STM32F10x_StdPeriph_Driver\src\stm32f10x_rcc.c">
      <Filter>Source files\Device-specific files</Filter>
    </ClCompile>
    <ClCompile Include="C:\Users\Seth\AppData\Local\VisualGDB\EmbeddedBSPs\arm-eabi\com.sysprogs.arm.stm32\STM32F1xxxx\STM32F10x_StdPeriph_Driver\src\stm32f10x_rtc.c">
      <Filter>Source files\Device-specific files</Filter>
    </ClCompile>
    <ClCompile Include="C:\Users\Seth\AppData\Local\VisualGDB\EmbeddedBSPs\arm-eabi\com.sysprogs.arm.stm32\STM32F1xxxx\STM32F10x_StdPeriph_Driver\src\stm32f10x_sdio.c">
      <Filter>Source files\Device-specific files</Filter>
    </ClCompile>
    <ClCompile Include="C:\Users\Seth\AppData\Local\VisualGDB\EmbeddedBSPs\arm-eabi\com.sysprogs.arm.stm32\STM32F1xxxx\STM32F10x_StdPeriph_Driver\src\stm32f10x_spi.c">
      <Filter>Source files\Device-specific files</Filter>
    </ClCompile>
    <ClCompile Include="C:\Users\Seth\AppData\Local\VisualGDB\EmbeddedBSPs\arm-eabi\com.sysprogs.arm.stm32\STM32F1xxxx\STM32F10x_StdPeriph_Driver\src\stm32f10x_tim.c">
      <Filter>Source files\Device-specific files</Filter>
    </ClCompile>
    <ClCompile Include="C:\Users\Seth\AppData\Local\VisualGDB\EmbeddedBSPs\arm-eabi\com.sysprogs.arm.stm32\STM32F1xxxx\STM32F10x_StdPeriph_Driver\src\stm32f10x_usart.c">
      <Filter>Source files\Device-specific files</Filter>
    </ClCompile>
    <ClCompile Include="C:\Users\Seth\AppData\Local\VisualGDB\EmbeddedBSPs\arm-eabi\com.sysprogs.arm.stm32\STM32F1xxxx\STM32F10x_StdPeriph_Driver\src\stm32f10x_wwdg.c">
      <Filter>Source files\Device-specific files</Filter>
    </ClCompile>
    <ClCompile Include="C:\Users\Seth\AppData\Local\VisualGDB\EmbeddedBSPs\arm-eabi\com.sysprogs.arm.stm32\STM32F1xxxx\Startup\startup_stm32f10x_md.c">
      <Filter>Source files\Device-specific files</Filter>
    </ClCompile>
    <ClCompile Include="src\interrupts.cpp">
      <Filter>Source files</Filter>
    </ClCompile>
    <ClCompile Include="src\main.cpp">
      <Filter>Source files</Filter>
    </ClCompile>
    <ClCompile Include="src\drivers\src\delay.cpp">
      <Filter>Source files\drivers</Filter>
    </ClCompile>
    <ClCompile Include="src\drivers\src\ili9341.cpp">
      <Filter>Source files\drivers</Filter>
    </ClCompile>
    <ClCompile Include="src\drivers\src\mlx90614.cpp">
      <Filter>Source files\drivers</Filter>
    </ClCompile>
    <ClCompile Include="src\drivers\src\ov7670.cpp">
      <Filter>Source files\drivers</Filter>
    </ClCompile>
    <ClCompile Include="src\drivers\src\sccb.cpp">
      <Filter>Source files\drivers</Filter>
    </ClCompile>
    <ClCompile Include="src\drivers\src\sg90_servo.cpp">
      <Filter>Source files\drivers</Filter>
    </ClCompile>
    <ClCompile Include="src\mass_storage\src\scsi_data.c">
      <Filter>Source files\mass_storage</Filter>
    </ClCompile>
    <ClCompile Include="src\mass_storage\src\usb_bot.c">
      <Filter>Source files\mass_storage</Filter>
    </ClCompile>
    <ClCompile Include="src\mass_storage\src\usb_desc.c">
      <Filter>Source files\mass_storage</Filter>
    </ClCompile>
    <ClCompile Include="src\mass_storage\src\usb_endp.c">
      <Filter>Source files\mass_storage</Filter>
    </ClCompile>
    <ClCompile Include="src\mass_storage\src\usb_istr.c">
      <Filter>Source files\mass_storage</Filter>
    </ClCompile>
    <ClCompile Include="src\mass_storage\src\usb_prop.c">
      <Filter>Source files\mass_storage</Filter>
    </ClCompile>
    <ClCompile Include="src\mass_storage\src\usb_pwr.c">
      <Filter>Source files\mass_storage</Filter>
    </ClCompile>
    <ClCompile Include="src\mass_storage\src\usb_scsi.c">
      <Filter>Source files\mass_storage</Filter>
    </ClCompile>
    <ClCompile Include="src\usb_lib\src\usb_core.c">
      <Filter>Source files\usb_lib</Filter>
    </ClCompile>
    <ClCompile Include="src\usb_lib\src\usb_init.c">
      <Filter>Source files\usb_lib</Filter>
    </ClCompile>
    <ClCompile Include="src\usb_lib\src\usb_int.c">
      <Filter>Source files\usb_lib</Filter>
    </ClCompile>
    <ClCompile Include="src\usb_lib\src\usb_mem.c">
      <Filter>Source files\usb_lib</Filter>
    </ClCompile>
    <ClCompile Include="src\usb_lib\src\usb_regs.c">
      <Filter>Source files\usb_lib</Filter>
    </ClCompile>
    <ClCompile Include="src\usb_lib\src\usb_sil.c">
      <Filter>Source files\usb_lib</Filter>
    </ClCompile>
    <ClCompile Include="src\fatfs\ff.c">
      <Filter>Source files\fatfs</Filter>
    </ClCompile>
    <ClCompile Include="src\drivers\src\sdcard.cpp">
      <Filter>Source files\drivers</Filter>
    </ClCompile>
    <ClCompile Include="src\fatfs\diskio.cpp">
      <Filter>Source files\fatfs</Filter>
    </ClCompile>
    <ClCompile Include="src\mass_storage\src\memory.cpp">
      <Filter>Source files\mass_storage</Filter>
    </ClCompile>
    <ClCompile Include="src\freertos\portable\port.c">
      <Filter>Source files\freertos</Filter>
    </ClCompile>
    <ClCompile Include="src\freertos\croutine.c">
      <Filter>Source files\freertos</Filter>
    </ClCompile>
    <ClCompile Include="src\freertos\event_groups.c">
      <Filter>Source files\freertos</Filter>
    </ClCompile>
    <ClCompile Include="src\freertos\list.c">
      <Filter>Source files\freertos</Filter>
    </ClCompile>
    <ClCompile Include="src\freertos\queue.c">
      <Filter>Source files\freertos</Filter>
    </ClCompile>
    <ClCompile Include="src\freertos\tasks.c">
      <Filter>Source files\freertos</Filter>
    </ClCompile>
    <ClCompile Include="src\freertos\timers.c">
      <Filter>Source files\freertos</Filter>
    </ClCompile>
    <ClCompile Include="src\freertos\portable\heap_2.c">
      <Filter>Source files\freertos</Filter>
    </ClCompile>
  </ItemGroup>
  <ItemGroup>
    <None Include="Makefile" />
    <None Include="debug.mak">
      <Filter>Make files</Filter>
    </None>
    <None Include="release.mak">
      <Filter>Make files</Filter>
    </None>
    <None Include="stm32.mak">
      <Filter>Source files\Device-specific files</Filter>
    </None>
  </ItemGroup>
  <ItemGroup>
    <ClInclude Include="C:\Users\Seth\AppData\Local\VisualGDB\EmbeddedBSPs\arm-eabi\com.sysprogs.arm.stm32\STM32F1xxxx\CMSIS\CM3\CoreSupport\core_cm3.h">
      <Filter>Header files\Device-specific files</Filter>
    </ClInclude>
    <ClInclude Include="C:\Users\Seth\AppData\Local\VisualGDB\EmbeddedBSPs\arm-eabi\com.sysprogs.arm.stm32\STM32F1xxxx\CMSIS\CM3\DeviceSupport\ST\STM32F10x\stm32f10x.h">
      <Filter>Header files\Device-specific files</Filter>
    </ClInclude>
    <ClInclude Include="C:\Users\Seth\AppData\Local\VisualGDB\EmbeddedBSPs\arm-eabi\com.sysprogs.arm.stm32\STM32F1xxxx\CMSIS\CM3\DeviceSupport\ST\STM32F10x\system_stm32f10x.h">
      <Filter>Header files\Device-specific files</Filter>
    </ClInclude>
    <ClInclude Include="C:\Users\Seth\AppData\Local\VisualGDB\EmbeddedBSPs\arm-eabi\com.sysprogs.arm.stm32\STM32F1xxxx\STM32F10x_StdPeriph_Driver\inc\misc.h">
      <Filter>Header files\Device-specific files</Filter>
    </ClInclude>
    <ClInclude Include="C:\Users\Seth\AppData\Local\VisualGDB\EmbeddedBSPs\arm-eabi\com.sysprogs.arm.stm32\STM32F1xxxx\STM32F10x_StdPeriph_Driver\inc\stm32f10x_adc.h">
      <Filter>Header files\Device-specific files</Filter>
    </ClInclude>
    <ClInclude Include="C:\Users\Seth\AppData\Local\VisualGDB\EmbeddedBSPs\arm-eabi\com.sysprogs.arm.stm32\STM32F1xxxx\STM32F10x_StdPeriph_Driver\inc\stm32f10x_bkp.h">
      <Filter>Header files\Device-specific files</Filter>
    </ClInclude>
    <ClInclude Include="C:\Users\Seth\AppData\Local\VisualGDB\EmbeddedBSPs\arm-eabi\com.sysprogs.arm.stm32\STM32F1xxxx\STM32F10x_StdPeriph_Driver\inc\stm32f10x_can.h">
      <Filter>Header files\Device-specific files</Filter>
    </ClInclude>
    <ClInclude Include="C:\Users\Seth\AppData\Local\VisualGDB\EmbeddedBSPs\arm-eabi\com.sysprogs.arm.stm32\STM32F1xxxx\STM32F10x_StdPeriph_Driver\inc\stm32f10x_cec.h">
      <Filter>Header files\Device-specific files</Filter>
    </ClInclude>
    <ClInclude Include="C:\Users\Seth\AppData\Local\VisualGDB\EmbeddedBSPs\arm-eabi\com.sysprogs.arm.stm32\STM32F1xxxx\STM32F10x_StdPeriph_Driver\inc\stm32f10x_crc.h">
      <Filter>Header files\Device-specific files</Filter>
    </ClInclude>
    <ClInclude Include="C:\Users\Seth\AppData\Local\VisualGDB\EmbeddedBSPs\arm-eabi\com.sysprogs.arm.stm32\STM32F1xxxx\STM32F10x_StdPeriph_Driver\inc\stm32f10x_dac.h">
      <Filter>Header files\Device-specific files</Filter>
    </ClInclude>
    <ClInclude Include="C:\Users\Seth\AppData\Local\VisualGDB\EmbeddedBSPs\arm-eabi\com.sysprogs.arm.stm32\STM32F1xxxx\STM32F10x_StdPeriph_Driver\inc\stm32f10x_dbgmcu.h">
      <Filter>Header files\Device-specific files</Filter>
    </ClInclude>
    <ClInclude Include="C:\Users\Seth\AppData\Local\VisualGDB\EmbeddedBSPs\arm-eabi\com.sysprogs.arm.stm32\STM32F1xxxx\STM32F10x_StdPeriph_Driver\inc\stm32f10x_dma.h">
      <Filter>Header files\Device-specific files</Filter>
    </ClInclude>
    <ClInclude Include="C:\Users\Seth\AppData\Local\VisualGDB\EmbeddedBSPs\arm-eabi\com.sysprogs.arm.stm32\STM32F1xxxx\STM32F10x_StdPeriph_Driver\inc\stm32f10x_exti.h">
      <Filter>Header files\Device-specific files</Filter>
    </ClInclude>
    <ClInclude Include="C:\Users\Seth\AppData\Local\VisualGDB\EmbeddedBSPs\arm-eabi\com.sysprogs.arm.stm32\STM32F1xxxx\STM32F10x_StdPeriph_Driver\inc\stm32f10x_flash.h">
      <Filter>Header files\Device-specific files</Filter>
    </ClInclude>
    <ClInclude Include="C:\Users\Seth\AppData\Local\VisualGDB\EmbeddedBSPs\arm-eabi\com.sysprogs.arm.stm32\STM32F1xxxx\STM32F10x_StdPeriph_Driver\inc\stm32f10x_fsmc.h">
      <Filter>Header files\Device-specific files</Filter>
    </ClInclude>
    <ClInclude Include="C:\Users\Seth\AppData\Local\VisualGDB\EmbeddedBSPs\arm-eabi\com.sysprogs.arm.stm32\STM32F1xxxx\STM32F10x_StdPeriph_Driver\inc\stm32f10x_gpio.h">
      <Filter>Header files\Device-specific files</Filter>
    </ClInclude>
    <ClInclude Include="C:\Users\Seth\AppData\Local\VisualGDB\EmbeddedBSPs\arm-eabi\com.sysprogs.arm.stm32\STM32F1xxxx\STM32F10x_StdPeriph_Driver\inc\stm32f10x_i2c.h">
      <Filter>Header files\Device-specific files</Filter>
    </ClInclude>
    <ClInclude Include="C:\Users\Seth\AppData\Local\VisualGDB\EmbeddedBSPs\arm-eabi\com.sysprogs.arm.stm32\STM32F1xxxx\STM32F10x_StdPeriph_Driver\inc\stm32f10x_iwdg.h">
      <Filter>Header files\Device-specific files</Filter>
    </ClInclude>
    <ClInclude Include="C:\Users\Seth\AppData\Local\VisualGDB\EmbeddedBSPs\arm-eabi\com.sysprogs.arm.stm32\STM32F1xxxx\STM32F10x_StdPeriph_Driver\inc\stm32f10x_pwr.h">
      <Filter>Header files\Device-specific files</Filter>
    </ClInclude>
    <ClInclude Include="C:\Users\Seth\AppData\Local\VisualGDB\EmbeddedBSPs\arm-eabi\com.sysprogs.arm.stm32\STM32F1xxxx\STM32F10x_StdPeriph_Driver\inc\stm32f10x_rcc.h">
      <Filter>Header files\Device-specific files</Filter>
    </ClInclude>
    <ClInclude Include="C:\Users\Seth\AppData\Local\VisualGDB\EmbeddedBSPs\arm-eabi\com.sysprogs.arm.stm32\STM32F1xxxx\STM32F10x_StdPeriph_Driver\inc\stm32f10x_rtc.h">
      <Filter>Header files\Device-specific files</Filter>
    </ClInclude>
    <ClInclude Include="C:\Users\Seth\AppData\Local\VisualGDB\EmbeddedBSPs\arm-eabi\com.sysprogs.arm.stm32\STM32F1xxxx\STM32F10x_StdPeriph_Driver\inc\stm32f10x_sdio.h">
      <Filter>Header files\Device-specific files</Filter>
    </ClInclude>
    <ClInclude Include="C:\Users\Seth\AppData\Local\VisualGDB\EmbeddedBSPs\arm-eabi\com.sysprogs.arm.stm32\STM32F1xxxx\STM32F10x_StdPeriph_Driver\inc\stm32f10x_spi.h">
      <Filter>Header files\Device-specific files</Filter>
    </ClInclude>
    <ClInclude Include="C:\Users\Seth\AppData\Local\VisualGDB\EmbeddedBSPs\arm-eabi\com.sysprogs.arm.stm32\STM32F1xxxx\STM32F10x_StdPeriph_Driver\inc\stm32f10x_tim.h">
      <Filter>Header files\Device-specific files</Filter>
    </ClInclude>
    <ClInclude Include="C:\Users\Seth\AppData\Local\VisualGDB\EmbeddedBSPs\arm-eabi\com.sysprogs.arm.stm32\STM32F1xxxx\STM32F10x_StdPeriph_Driver\inc\stm32f10x_usart.h">
      <Filter>Header files\Device-specific files</Filter>
    </ClInclude>
    <ClInclude Include="C:\Users\Seth\AppData\Local\VisualGDB\EmbeddedBSPs\arm-eabi\com.sysprogs.arm.stm32\STM32F1xxxx\STM32F10x_StdPeriph_Driver\inc\stm32f10x_wwdg.h">
      <Filter>Header files\Device-specific files</Filter>
    </ClInclude>
    <ClInclude Include="src\drivers\inc\delay.h">
      <Filter>Header files\drivers</Filter>
    </ClInclude>
    <ClInclude Include="src\drivers\inc\fonts.h">
      <Filter>Header files\drivers</Filter>
    </ClInclude>
    <ClInclude Include="src\drivers\inc\ili9341.h">
      <Filter>Header files\drivers</Filter>
    </ClInclude>
    <ClInclude Include="src\drivers\inc\mlx90614.h">
      <Filter>Header files\drivers</Filter>
    </ClInclude>
    <ClInclude Include="src\drivers\inc\ov7670.h">
      <Filter>Header files\drivers</Filter>
    </ClInclude>
    <ClInclude Include="src\drivers\inc\ov7670_reg.h">
      <Filter>Header files\drivers</Filter>
    </ClInclude>
    <ClInclude Include="src\drivers\inc\sccb.h">
      <Filter>Header files\drivers</Filter>
    </ClInclude>
    <ClInclude Include="src\drivers\inc\sg90_servo.h">
      <Filter>Header files\drivers</Filter>
    </ClInclude>
    <ClInclude Include="src\mass_storage\inc\memory.h">
      <Filter>Header files\mass_storage</Filter>
    </ClInclude>
    <ClInclude Include="src\mass_storage\inc\usb_bot.h">
      <Filter>Header files\mass_storage</Filter>
    </ClInclude>
    <ClInclude Include="src\mass_storage\inc\usb_conf.h">
      <Filter>Header files\mass_storage</Filter>
    </ClInclude>
    <ClInclude Include="src\mass_storage\inc\usb_desc.h">
      <Filter>Header files\mass_storage</Filter>
    </ClInclude>
    <ClInclude Include="src\mass_storage\inc\usb_istr.h">
      <Filter>Header files\mass_storage</Filter>
    </ClInclude>
    <ClInclude Include="src\mass_storage\inc\usb_prop.h">
      <Filter>Header files\mass_storage</Filter>
    </ClInclude>
    <ClInclude Include="src\mass_storage\inc\usb_pwr.h">
      <Filter>Header files\mass_storage</Filter>
    </ClInclude>
    <ClInclude Include="src\mass_storage\inc\usb_scsi.h">
      <Filter>Header files\mass_storage</Filter>
    </ClInclude>
    <ClInclude Include="src\usb_lib\inc\usb_core.h">
      <Filter>Header files\usb_lib</Filter>
    </ClInclude>
    <ClInclude Include="src\usb_lib\inc\usb_def.h">
      <Filter>Header files\usb_lib</Filter>
    </ClInclude>
    <ClInclude Include="src\usb_lib\inc\usb_init.h">
      <Filter>Header files\usb_lib</Filter>
    </ClInclude>
    <ClInclude Include="src\usb_lib\inc\usb_int.h">
      <Filter>Header files\usb_lib</Filter>
    </ClInclude>
    <ClInclude Include="src\usb_lib\inc\usb_lib.h">
      <Filter>Header files\usb_lib</Filter>
    </ClInclude>
    <ClInclude Include="src\usb_lib\inc\usb_mem.h">
      <Filter>Header files\usb_lib</Filter>
    </ClInclude>
    <ClInclude Include="src\usb_lib\inc\usb_regs.h">
      <Filter>Header files\usb_lib</Filter>
    </ClInclude>
    <ClInclude Include="src\usb_lib\inc\usb_sil.h">
      <Filter>Header files\usb_lib</Filter>
    </ClInclude>
    <ClInclude Include="src\usb_lib\inc\usb_type.h">
      <Filter>Header files\usb_lib</Filter>
    </ClInclude>
    <ClInclude Include="src\drivers\inc\sdcard.h">
      <Filter>Header files\drivers</Filter>
    </ClInclude>
    <ClInclude Include="src\periph_config.h">
      <Filter>Header files</Filter>
    </ClInclude>
    <ClInclude Include="src\interrupts.h">
      <Filter>Header files</Filter>
    </ClInclude>
    <ClInclude Include="src\objects.h">
      <Filter>Header files</Filter>
    </ClInclude>
    <ClInclude Include="src\fatfs\ff.h">
      <Filter>Header files\fatfs</Filter>
    </ClInclude>
    <ClInclude Include="src\fatfs\ffconf.h">
      <Filter>Header files\fatfs</Filter>
    </ClInclude>
    <ClInclude Include="src\fatfs\integer.h">
      <Filter>Header files\fatfs</Filter>
    </ClInclude>
    <ClInclude Include="src\fatfs\diskio.h">
      <Filter>Header files\fatfs</Filter>
    </ClInclude>
    <ClInclude Include="src\freertos\include\croutine.h">
      <Filter>Header files\freertos</Filter>
    </ClInclude>
    <ClInclude Include="src\freertos\include\deprecated_definitions.h">
      <Filter>Header files\freertos</Filter>
    </ClInclude>
    <ClInclude Include="src\freertos\include\event_groups.h">
      <Filter>Header files\freertos</Filter>
    </ClInclude>
    <ClInclude Include="src\freertos\include\FreeRTOS.h">
      <Filter>Header files\freertos</Filter>
    </ClInclude>
    <ClInclude Include="src\freertos\include\FreeRTOSConfig.h">
      <Filter>Header files\freertos</Filter>
    </ClInclude>
    <ClInclude Include="src\freertos\include\list.h">
      <Filter>Header files\freertos</Filter>
    </ClInclude>
    <ClInclude Include="src\freertos\include\mpu_wrappers.h">
      <Filter>Header files\freertos</Filter>
    </ClInclude>
    <ClInclude Include="src\freertos\include\portable.h">
      <Filter>Header files\freertos</Filter>
    </ClInclude>
    <ClInclude Include="src\freertos\include\projdefs.h">
      <Filter>Header files\freertos</Filter>
    </ClInclude>
    <ClInclude Include="src\freertos\include\queue.h">
      <Filter>Header files\freertos</Filter>
    </ClInclude>
    <ClInclude Include="src\freertos\include\semphr.h">
      <Filter>Header files\freertos</Filter>
    </ClInclude>
    <ClInclude Include="src\freertos\include\StackMacros.h">
      <Filter>Header files\freertos</Filter>
    </ClInclude>
    <ClInclude Include="src\freertos\include\task.h">
      <Filter>Header files\freertos</Filter>
    </ClInclude>
    <ClInclude Include="src\freertos\include\timers.h">
      <Filter>Header files\freertos</Filter>
    </ClInclude>
    <ClInclude Include="src\freertos\portable\portmacro.h">
      <Filter>Header files\freertos</Filter>
    </ClInclude>
  </ItemGroup>
</Project>